
Microsoft Visual Studio Solution File, Format Version 12.00
# Visual Studio Version 17
VisualStudioVersion = 17.9.34622.214
MinimumVisualStudioVersion = 10.0.40219.1
Project("{FAE04EC0-301F-11D3-BF4B-00C04F79EFBC}") = "TestMagick", "TestMagick\TestMagick.csproj", "{3066C261-B9FA-4675-9F13-DD57CE3FA977}"
EndProject
Global
	GlobalSection(SolutionConfigurationPlatforms) = preSolution
		Debug|Any CPU = Debug|Any CPU
		Release|Any CPU = Release|Any CPU
	EndGlobalSection
	GlobalSection(ProjectConfigurationPlatforms) = postSolution
		{3066C261-B9FA-4675-9F13-DD57CE3FA977}.Debug|Any CPU.ActiveCfg = Debug|Any CPU
		{3066C261-B9FA-4675-9F13-DD57CE3FA977}.Debug|Any CPU.Build.0 = Debug|Any CPU
		{3066C261-B9FA-4675-9F13-DD57CE3FA977}.Release|Any CPU.ActiveCfg = Release|Any CPU
		{3066C261-B9FA-4675-9F13-DD57CE3FA977}.Release|Any CPU.Build.0 = Release|Any CPU
	EndGlobalSection
	GlobalSection(SolutionProperties) = preSolution
		HideSolutionNode = FALSE
	EndGlobalSection
	GlobalSection(ExtensibilityGlobals) = postSolution
		SolutionGuid = {26A15590-D597-44E1-809F-957361A9BE28}
	EndGlobalSection
EndGlobal
